// !$*UTF8*$!
{
	archiveVersion = 1;
	classes = {
	};
	objectVersion = 50;
	objects = {

/* Begin PBXBuildFile section */
		BA17471922B0962C00C8A747 /* AppDelegate.m in Sources */ = {isa = PBXBuildFile; fileRef = BA17471822B0962C00C8A747 /* AppDelegate.m */; };
		BA17471C22B0962C00C8A747 /* ViewController.m in Sources */ = {isa = PBXBuildFile; fileRef = BA17471B22B0962C00C8A747 /* ViewController.m */; };
		BA17471F22B0962C00C8A747 /* Main.storyboard in Resources */ = {isa = PBXBuildFile; fileRef = BA17471D22B0962C00C8A747 /* Main.storyboard */; };
		BA17472122B0962D00C8A747 /* Assets.xcassets in Resources */ = {isa = PBXBuildFile; fileRef = BA17472022B0962D00C8A747 /* Assets.xcassets */; };
		BA17472422B0962D00C8A747 /* LaunchScreen.storyboard in Resources */ = {isa = PBXBuildFile; fileRef = BA17472222B0962D00C8A747 /* LaunchScreen.storyboard */; };
		BA17472722B0962D00C8A747 /* main.m in Sources */ = {isa = PBXBuildFile; fileRef = BA17472622B0962D00C8A747 /* main.m */; };
		BA17476E22B1D61800C8A747 /* TimePickerViewController.m in Sources */ = {isa = PBXBuildFile; fileRef = BA17476D22B1D61800C8A747 /* TimePickerViewController.m */; };
		BA1747B622B71D0000C8A747 /* TimeTableViewCell.m in Sources */ = {isa = PBXBuildFile; fileRef = BA1747B522B71D0000C8A747 /* TimeTableViewCell.m */; };
/* End PBXBuildFile section */

/* Begin PBXFileReference section */
		BA17471422B0962C00C8A747 /* ObjcTimerProject.app */ = {isa = PBXFileReference; explicitFileType = wrapper.application; includeInIndex = 0; path = ObjcTimerProject.app; sourceTree = BUILT_PRODUCTS_DIR; };
		BA17471722B0962C00C8A747 /* AppDelegate.h */ = {isa = PBXFileReference; lastKnownFileType = sourcecode.c.h; path = AppDelegate.h; sourceTree = "<group>"; };
		BA17471822B0962C00C8A747 /* AppDelegate.m */ = {isa = PBXFileReference; lastKnownFileType = sourcecode.c.objc; path = AppDelegate.m; sourceTree = "<group>"; };
		BA17471A22B0962C00C8A747 /* ViewController.h */ = {isa = PBXFileReference; lastKnownFileType = sourcecode.c.h; path = ViewController.h; sourceTree = "<group>"; };
		BA17471B22B0962C00C8A747 /* ViewController.m */ = {isa = PBXFileReference; lastKnownFileType = sourcecode.c.objc; path = ViewController.m; sourceTree = "<group>"; };
		BA17471E22B0962C00C8A747 /* Base */ = {isa = PBXFileReference; lastKnownFileType = file.storyboard; name = Base; path = Base.lproj/Main.storyboard; sourceTree = "<group>"; };
		BA17472022B0962D00C8A747 /* Assets.xcassets */ = {isa = PBXFileReference; lastKnownFileType = folder.assetcatalog; path = Assets.xcassets; sourceTree = "<group>"; };
		BA17472322B0962D00C8A747 /* Base */ = {isa = PBXFileReference; lastKnownFileType = file.storyboard; name = Base; path = Base.lproj/LaunchScreen.storyboard; sourceTree = "<group>"; };
		BA17472522B0962D00C8A747 /* Info.plist */ = {isa = PBXFileReference; lastKnownFileType = text.plist.xml; path = Info.plist; sourceTree = "<group>"; };
		BA17472622B0962D00C8A747 /* main.m */ = {isa = PBXFileReference; lastKnownFileType = sourcecode.c.objc; path = main.m; sourceTree = "<group>"; };
		BA17476C22B1D61800C8A747 /* TimePickerViewController.h */ = {isa = PBXFileReference; lastKnownFileType = sourcecode.c.h; path = TimePickerViewController.h; sourceTree = "<group>"; };
		BA17476D22B1D61800C8A747 /* TimePickerViewController.m */ = {isa = PBXFileReference; lastKnownFileType = sourcecode.c.objc; path = TimePickerViewController.m; sourceTree = "<group>"; };
		BA1747B422B71D0000C8A747 /* TimeTableViewCell.h */ = {isa = PBXFileReference; lastKnownFileType = sourcecode.c.h; path = TimeTableViewCell.h; sourceTree = "<group>"; };
		BA1747B522B71D0000C8A747 /* TimeTableViewCell.m */ = {isa = PBXFileReference; lastKnownFileType = sourcecode.c.objc; path = TimeTableViewCell.m; sourceTree = "<group>"; };
/* End PBXFileReference section */

/* Begin PBXFrameworksBuildPhase section */
		BA17471122B0962C00C8A747 /* Frameworks */ = {
			isa = PBXFrameworksBuildPhase;
			buildActionMask = 2147483647;
			files = (
			);
			runOnlyForDeploymentPostprocessing = 0;
		};
/* End PBXFrameworksBuildPhase section */

/* Begin PBXGroup section */
		BA17470B22B0962C00C8A747 = {
			isa = PBXGroup;
			children = (
				BA17471622B0962C00C8A747 /* ObjcTimerProject */,
				BA17471522B0962C00C8A747 /* Products */,
			);
			sourceTree = "<group>";
		};
		BA17471522B0962C00C8A747 /* Products */ = {
			isa = PBXGroup;
			children = (
				BA17471422B0962C00C8A747 /* ObjcTimerProject.app */,
			);
			name = Products;
			sourceTree = "<group>";
		};
		BA17471622B0962C00C8A747 /* ObjcTimerProject */ = {
			isa = PBXGroup;
			children = (
				BA17473122B097B700C8A747 /* Storyboards */,
				BA17473022B097AC00C8A747 /* Supporting */,
				BA17471722B0962C00C8A747 /* AppDelegate.h */,
				BA17471822B0962C00C8A747 /* AppDelegate.m */,
				BA17471A22B0962C00C8A747 /* ViewController.h */,
				BA17471B22B0962C00C8A747 /* ViewController.m */,
				BA17476C22B1D61800C8A747 /* TimePickerViewController.h */,
				BA17476D22B1D61800C8A747 /* TimePickerViewController.m */,
				BA1747B422B71D0000C8A747 /* TimeTableViewCell.h */,
				BA1747B522B71D0000C8A747 /* TimeTableViewCell.m */,
			);
			path = ObjcTimerProject;
			sourceTree = "<group>";
		};
		BA17473022B097AC00C8A747 /* Supporting */ = {
			isa = PBXGroup;
			children = (
				BA17472622B0962D00C8A747 /* main.m */,
				BA17472022B0962D00C8A747 /* Assets.xcassets */,
				BA17472222B0962D00C8A747 /* LaunchScreen.storyboard */,
				BA17472522B0962D00C8A747 /* Info.plist */,
			);
			path = Supporting;
			sourceTree = "<group>";
		};
		BA17473122B097B700C8A747 /* Storyboards */ = {
			isa = PBXGroup;
			children = (
				BA17471D22B0962C00C8A747 /* Main.storyboard */,
			);
			path = Storyboards;
			sourceTree = "<group>";
		};
/* End PBXGroup section */

/* Begin PBXNativeTarget section */
		BA17471322B0962C00C8A747 /* ObjcTimerProject */ = {
			isa = PBXNativeTarget;
			buildConfigurationList = BA17472A22B0962D00C8A747 /* Build configuration list for PBXNativeTarget "ObjcTimerProject" */;
			buildPhases = (
				BA17471022B0962C00C8A747 /* Sources */,
				BA17471122B0962C00C8A747 /* Frameworks */,
				BA17471222B0962C00C8A747 /* Resources */,
			);
			buildRules = (
			);
			dependencies = (
			);
			name = ObjcTimerProject;
			productName = ObjcTimerProject;
			productReference = BA17471422B0962C00C8A747 /* ObjcTimerProject.app */;
			productType = "com.apple.product-type.application";
		};
/* End PBXNativeTarget section */

/* Begin PBXProject section */
		BA17470C22B0962C00C8A747 /* Project object */ = {
			isa = PBXProject;
			attributes = {
				LastUpgradeCheck = 1020;
				ORGANIZATIONNAME = Byunsangjin;
				TargetAttributes = {
					BA17471322B0962C00C8A747 = {
						CreatedOnToolsVersion = 10.2.1;
					};
				};
			};
			buildConfigurationList = BA17470F22B0962C00C8A747 /* Build configuration list for PBXProject "ObjcTimerProject" */;
			compatibilityVersion = "Xcode 9.3";
			developmentRegion = en;
			hasScannedForEncodings = 0;
			knownRegions = (
				en,
				Base,
			);
			mainGroup = BA17470B22B0962C00C8A747;
			productRefGroup = BA17471522B0962C00C8A747 /* Products */;
			projectDirPath = "";
			projectRoot = "";
			targets = (
				BA17471322B0962C00C8A747 /* ObjcTimerProject */,
			);
		};
/* End PBXProject section */

/* Begin PBXResourcesBuildPhase section */
		BA17471222B0962C00C8A747 /* Resources */ = {
			isa = PBXResourcesBuildPhase;
			buildActionMask = 2147483647;
			files = (
				BA17472422B0962D00C8A747 /* LaunchScreen.storyboard in Resources */,
				BA17472122B0962D00C8A747 /* Assets.xcassets in Resources */,
				BA17471F22B0962C00C8A747 /* Main.storyboard in Resources */,
			);
			runOnlyForDeploymentPostprocessing = 0;
		};
/* End PBXResourcesBuildPhase section */

/* Begin PBXSourcesBuildPhase section */
		BA17471022B0962C00C8A747 /* Sources */ = {
			isa = PBXSourcesBuildPhase;
			buildActionMask = 2147483647;
			files = (
				BA1747B622B71D0000C8A747 /* TimeTableViewCell.m in Sources */,
				BA17471C22B0962C00C8A747 /* ViewController.m in Sources */,
				BA17476E22B1D61800C8A747 /* TimePickerViewController.m in Sources */,
				BA17472722B0962D00C8A747 /* main.m in Sources */,
				BA17471922B0962C00C8A747 /* AppDelegate.m in Sources */,
			);
			runOnlyForDeploymentPostprocessing = 0;
		};
/* End PBXSourcesBuildPhase section */

/* Begin PBXVariantGroup section */
		BA17471D22B0962C00C8A747 /* Main.storyboard */ = {
			isa = PBXVariantGroup;
			children = (
				BA17471E22B0962C00C8A747 /* Base */,
			);
			name = Main.storyboard;
			sourceTree = "<group>";
		};
		BA17472222B0962D00C8A747 /* LaunchScreen.storyboard */ = {
			isa = PBXVariantGroup;
			children = (
				BA17472322B0962D00C8A747 /* Base */,
			);
			name = LaunchScreen.storyboard;
			sourceTree = "<group>";
		};
/* End PBXVariantGroup section */

/* Begin XCBuildConfiguration section */
		BA17472822B0962D00C8A747 /* Debug */ = {
			isa = XCBuildConfiguration;
			buildSettings = {
				ALWAYS_SEARCH_USER_PATHS = NO;
				CLANG_ANALYZER_NONNULL = YES;
				CLANG_ANALYZER_NUMBER_OBJECT_CONVERSION = YES_AGGRESSIVE;
				CLANG_CXX_LANGUAGE_STANDARD = "gnu++14";
				CLANG_CXX_LIBRARY = "libc++";
				CLANG_ENABLE_MODULES = YES;
				CLANG_ENABLE_OBJC_ARC = YES;
				CLANG_ENABLE_OBJC_WEAK = YES;
				CLANG_WARN_BLOCK_CAPTURE_AUTORELEASING = YES;
				CLANG_WARN_BOOL_CONVERSION = YES;
				CLANG_WARN_COMMA = YES;
				CLANG_WARN_CONSTANT_CONVERSION = YES;
				CLANG_WARN_DEPRECATED_OBJC_IMPLEMENTATIONS = YES;
				CLANG_WARN_DIRECT_OBJC_ISA_USAGE = YES_ERROR;
				CLANG_WARN_DOCUMENTATION_COMMENTS = YES;
				CLANG_WARN_EMPTY_BODY = YES;
				CLANG_WARN_ENUM_CONVERSION = YES;
				CLANG_WARN_INFINITE_RECURSION = YES;
				CLANG_WARN_INT_CONVERSION = YES;
				CLANG_WARN_NON_LITERAL_NULL_CONVERSION = YES;
				CLANG_WARN_OBJC_IMPLICIT_RETAIN_SELF = YES;
				CLANG_WARN_OBJC_LITERAL_CONVERSION = YES;
				CLANG_WARN_OBJC_ROOT_CLASS = YES_ERROR;
				CLANG_WARN_RANGE_LOOP_ANALYSIS = YES;
				CLANG_WARN_STRICT_PROTOTYPES = YES;
				CLANG_WARN_SUSPICIOUS_MOVE = YES;
				CLANG_WARN_UNGUARDED_AVAILABILITY = YES_AGGRESSIVE;
				CLANG_WARN_UNREACHABLE_CODE = YES;
				CLANG_WARN__DUPLICATE_METHOD_MATCH = YES;
				CODE_SIGN_IDENTITY = "iPhone Developer";
				COPY_PHASE_STRIP = NO;
				DEBUG_INFORMATION_FORMAT = dwarf;
				ENABLE_STRICT_OBJC_MSGSEND = YES;
				ENABLE_TESTABILITY = YES;
				GCC_C_LANGUAGE_STANDARD = gnu11;
				GCC_DYNAMIC_NO_PIC = NO;
				GCC_NO_COMMON_BLOCKS = YES;
				GCC_OPTIMIZATION_LEVEL = 0;
				GCC_PREPROCESSOR_DEFINITIONS = (
					"DEBUG=1",
					"$(inherited)",
				);
				GCC_WARN_64_TO_32_BIT_CONVERSION = YES;
				GCC_WARN_ABOUT_RETURN_TYPE = YES_ERROR;
				GCC_WARN_UNDECLARED_SELECTOR = YES;
				GCC_WARN_UNINITIALIZED_AUTOS = YES_AGGRESSIVE;
				GCC_WARN_UNUSED_FUNCTION = YES;
				GCC_WARN_UNUSED_VARIABLE = YES;
				IPHONEOS_DEPLOYMENT_TARGET = 12.2;
				MTL_ENABLE_DEBUG_INFO = INCLUDE_SOURCE;
				MTL_FAST_MATH = YES;
				ONLY_ACTIVE_ARCH = YES;
				SDKROOT = iphoneos;
			};
			name = Debug;
		};
		BA17472922B0962D00C8A747 /* Release */ = {
			isa = XCBuildConfiguration;
			buildSettings = {
				ALWAYS_SEARCH_USER_PATHS = NO;
				CLANG_ANALYZER_NONNULL = YES;
				CLANG_ANALYZER_NUMBER_OBJECT_CONVERSION = YES_AGGRESSIVE;
				CLANG_CXX_LANGUAGE_STANDARD = "gnu++14";
				CLANG_CXX_LIBRARY = "libc++";
				CLANG_ENABLE_MODULES = YES;
				CLANG_ENABLE_OBJC_ARC = YES;
				CLANG_ENABLE_OBJC_WEAK = YES;
				CLANG_WARN_BLOCK_CAPTURE_AUTORELEASING = YES;
				CLANG_WARN_BOOL_CONVERSION = YES;
				CLANG_WARN_COMMA = YES;
				CLANG_WARN_CONSTANT_CONVERSION = YES;
				CLANG_WARN_DEPRECATED_OBJC_IMPLEMENTATIONS = YES;
				CLANG_WARN_DIRECT_OBJC_ISA_USAGE = YES_ERROR;
				CLANG_WARN_DOCUMENTATION_COMMENTS = YES;
				CLANG_WARN_EMPTY_BODY = YES;
				CLANG_WARN_ENUM_CONVERSION = YES;
				CLANG_WARN_INFINITE_RECURSION = YES;
				CLANG_WARN_INT_CONVERSION = YES;
				CLANG_WARN_NON_LITERAL_NULL_CONVERSION = YES;
				CLANG_WARN_OBJC_IMPLICIT_RETAIN_SELF = YES;
				CLANG_WARN_OBJC_LITERAL_CONVERSION = YES;
				CLANG_WARN_OBJC_ROOT_CLASS = YES_ERROR;
				CLANG_WARN_RANGE_LOOP_ANALYSIS = YES;
				CLANG_WARN_STRICT_PROTOTYPES = YES;
				CLANG_WARN_SUSPICIOUS_MOVE = YES;
				CLANG_WARN_UNGUARDED_AVAILABILITY = YES_AGGRESSIVE;
				CLANG_WARN_UNREACHABLE_CODE = YES;
				CLANG_WARN__DUPLICATE_METHOD_MATCH = YES;
				CODE_SIGN_IDENTITY = "iPhone Developer";
				COPY_PHASE_STRIP = NO;
				DEBUG_INFORMATION_FORMAT = "dwarf-with-dsym";
				ENABLE_NS_ASSERTIONS = NO;
				ENABLE_STRICT_OBJC_MSGSEND = YES;
				GCC_C_LANGUAGE_STANDARD = gnu11;
				GCC_NO_COMMON_BLOCKS = YES;
				GCC_WARN_64_TO_32_BIT_CONVERSION = YES;
				GCC_WARN_ABOUT_RETURN_TYPE = YES_ERROR;
				GCC_WARN_UNDECLARED_SELECTOR = YES;
				GCC_WARN_UNINITIALIZED_AUTOS = YES_AGGRESSIVE;
				GCC_WARN_UNUSED_FUNCTION = YES;
				GCC_WARN_UNUSED_VARIABLE = YES;
				IPHONEOS_DEPLOYMENT_TARGET = 12.2;
				MTL_ENABLE_DEBUG_INFO = NO;
				MTL_FAST_MATH = YES;
				SDKROOT = iphoneos;
				VALIDATE_PRODUCT = YES;
			};
			name = Release;
		};
		BA17472B22B0962D00C8A747 /* Debug */ = {
			isa = XCBuildConfiguration;
			buildSettings = {
				ASSETCATALOG_COMPILER_APPICON_NAME = AppIcon;
				CODE_SIGN_STYLE = Automatic;
				DEVELOPMENT_TEAM = GN3PLAKW34;
				INFOPLIST_FILE = ObjcTimerProject/Supporting/Info.plist;
				IPHONEOS_DEPLOYMENT_TARGET = 11.4;
				LD_RUNPATH_SEARCH_PATHS = (
					"$(inherited)",
					"@executable_path/Frameworks",
				);
				PRODUCT_BUNDLE_IDENTIFIER = dave.s.byun.ObjcTimerProject;
				PRODUCT_NAME = "$(TARGET_NAME)";
				TARGETED_DEVICE_FAMILY = "1,2";
			};
			name = Debug;
		};
		BA17472C22B0962D00C8A747 /* Release */ = {
			isa = XCBuildConfiguration;
			buildSettings = {
				ASSETCATALOG_COMPILER_APPICON_NAME = AppIcon;
				CODE_SIGN_STYLE = Automatic;
				DEVELOPMENT_TEAM = GN3PLAKW34;
				INFOPLIST_FILE = ObjcTimerProject/Supporting/Info.plist;
				IPHONEOS_DEPLOYMENT_TARGET = 11.4;
				LD_RUNPATH_SEARCH_PATHS = (
					"$(inherited)",
					"@executable_path/Frameworks",
				);
				PRODUCT_BUNDLE_IDENTIFIER = dave.s.byun.ObjcTimerProject;
				PRODUCT_NAME = "$(TARGET_NAME)";
				TARGETED_DEVICE_FAMILY = "1,2";
			};
			name = Release;
		};
/* End XCBuildConfiguration section */

/* Begin XCConfigurationList section */
		BA17470F22B0962C00C8A747 /* Build configuration list for PBXProject "ObjcTimerProject" */ = {
			isa = XCConfigurationList;
			buildConfigurations = (
				BA17472822B0962D00C8A747 /* Debug */,
				BA17472922B0962D00C8A747 /* Release */,
			);
			defaultConfigurationIsVisible = 0;
			defaultConfigurationName = Release;
		};
		BA17472A22B0962D00C8A747 /* Build configuration list for PBXNativeTarget "ObjcTimerProject" */ = {
			isa = XCConfigurationList;
			buildConfigurations = (
				BA17472B22B0962D00C8A747 /* Debug */,
				BA17472C22B0962D00C8A747 /* Release */,
			);
			defaultConfigurationIsVisible = 0;
			defaultConfigurationName = Release;
		};
/* End XCConfigurationList section */
	};
	rootObject = BA17470C22B0962C00C8A747 /* Project object */;
}
